
Microsoft Visual Studio Solution File, Format Version 12.00
# Visual Studio Version 17
VisualStudioVersion = 17.13.35825.156 d17.13
MinimumVisualStudioVersion = 10.0.40219.1
Project("{FAE04EC0-301F-11D3-BF4B-00C04F79EFBC}") = "TheRockWasteManagement", "TheRockWasteManagement\TheRockWasteManagement.csproj", "{0C299AE0-727E-406C-BC7F-DDED74F3E76A}"
EndProject
Global
	GlobalSection(SolutionConfigurationPlatforms) = preSolution
		Debug|Any CPU = Debug|Any CPU
		Release|Any CPU = Release|Any CPU
	EndGlobalSection
	GlobalSection(ProjectConfigurationPlatforms) = postSolution
		{0C299AE0-727E-406C-BC7F-DDED74F3E76A}.Debug|Any CPU.ActiveCfg = Debug|Any CPU
		{0C299AE0-727E-406C-BC7F-DDED74F3E76A}.Debug|Any CPU.Build.0 = Debug|Any CPU
		{0C299AE0-727E-406C-BC7F-DDED74F3E76A}.Release|Any CPU.ActiveCfg = Release|Any CPU
		{0C299AE0-727E-406C-BC7F-DDED74F3E76A}.Release|Any CPU.Build.0 = Release|Any CPU
	EndGlobalSection
	GlobalSection(SolutionProperties) = preSolution
		HideSolutionNode = FALSE
	EndGlobalSection
	GlobalSection(ExtensibilityGlobals) = postSolution
		SolutionGuid = {F05AB190-C4EE-46B1-A5BB-DC3EF303D57F}
	EndGlobalSection
EndGlobal
